
Microsoft Visual Studio Solution File, Format Version 12.00
# Visual Studio Version 17
VisualStudioVersion = 17.11.35327.3
MinimumVisualStudioVersion = 10.0.40219.1
Project("{FAE04EC0-301F-11D3-BF4B-00C04F79EFBC}") = "ReverseTheArray", "Question-1\ReverseTheArray.csproj", "{10D67A3F-E80E-4818-8198-E777A69C7D2C}"
EndProject
Project("{FAE04EC0-301F-11D3-BF4B-00C04F79EFBC}") = "MaximumAndMinimum", "MaximumAndMinimum\MaximumAndMinimum.csproj", "{3F7A910E-4000-4A9A-BB7F-94148291191D}"
EndProject
Project("{2150E333-8FDC-42A3-9474-1A3956D46DE8}") = "Array", "Array", "{CA162D84-13B0-405D-9DB0-C109594D6923}"
EndProject
Project("{2150E333-8FDC-42A3-9474-1A3956D46DE8}") = "String", "String", "{A9DF8CBA-0A72-4FFC-8F97-C4A10839A76C}"
EndProject
Project("{FAE04EC0-301F-11D3-BF4B-00C04F79EFBC}") = "Kth smallest", "Kth smallest\Kth smallest.csproj", "{61CF34A7-8571-4A9D-B4CF-FC8E87F2C850}"
EndProject
Project("{FAE04EC0-301F-11D3-BF4B-00C04F79EFBC}") = "Sort_0s&1s&2s", "Sort_0s&1s&2s\Sort_0s&1s&2s.csproj", "{80E1BD00-2CDF-47F9-B7E5-C0714CF59486}"
EndProject
Project("{FAE04EC0-301F-11D3-BF4B-00C04F79EFBC}") = "MoveAllNegativeElementToOneSideOfArray", "MoveAllNegativeElementToOneSideOfArray\MoveAllNegativeElementToOneSideOfArray.csproj", "{A5313A0C-C83F-4C7C-8514-34315DBA5991}"
EndProject
Project("{FAE04EC0-301F-11D3-BF4B-00C04F79EFBC}") = "UnionOfTwoArraysWithDuplicateElement", "UnionOfTwoArraysWithDuplicateElement\UnionOfTwoArraysWithDuplicateElement.csproj", "{58A9FA6B-2D7A-4E2F-A92F-1A8812DB78CE}"
EndProject
Project("{FAE04EC0-301F-11D3-BF4B-00C04F79EFBC}") = "RotateArrayByOne", "RotateArrayByOne\RotateArrayByOne.csproj", "{A59765AA-297B-497D-98E8-9329E6B3D4A4}"
EndProject
Project("{FAE04EC0-301F-11D3-BF4B-00C04F79EFBC}") = "ReverseTheWholeString", "ReverseTheString\ReverseTheWholeString.csproj", "{11B9122E-46AF-4632-A44A-0612AC6154D5}"
EndProject
Project("{FAE04EC0-301F-11D3-BF4B-00C04F79EFBC}") = "ReverseEachWordInSentence", "ReverseEachWordInSentence\ReverseEachWordInSentence.csproj", "{5731600F-F7B6-4FB7-9017-55A3D6B9BFF9}"
EndProject
Project("{FAE04EC0-301F-11D3-BF4B-00C04F79EFBC}") = "CheckIfStringIsPalindromeOrNot", "CheckIfStringIsPalindromeOrNot\CheckIfStringIsPalindromeOrNot.csproj", "{6CF6FC18-ECB3-4332-BB87-170F602A815B}"
EndProject
Project("{FAE04EC0-301F-11D3-BF4B-00C04F79EFBC}") = "ReverseOnlyAPartOfString", "ReverseOnlyAPartOfString\ReverseOnlyAPartOfString.csproj", "{EF7D3F04-A42E-4E5B-90B4-CC0B58CDE583}"
EndProject
Project("{FAE04EC0-301F-11D3-BF4B-00C04F79EFBC}") = "ReverseTheOrderOfWordsInSentence", "ReverseTheOrderOfWordsInSentence\ReverseTheOrderOfWordsInSentence.csproj", "{85EDD581-874E-4F46-A5C1-0C88EE281D0F}"
EndProject
Global
	GlobalSection(SolutionConfigurationPlatforms) = preSolution
		Debug|Any CPU = Debug|Any CPU
		Release|Any CPU = Release|Any CPU
	EndGlobalSection
	GlobalSection(ProjectConfigurationPlatforms) = postSolution
		{10D67A3F-E80E-4818-8198-E777A69C7D2C}.Debug|Any CPU.ActiveCfg = Debug|Any CPU
		{10D67A3F-E80E-4818-8198-E777A69C7D2C}.Debug|Any CPU.Build.0 = Debug|Any CPU
		{10D67A3F-E80E-4818-8198-E777A69C7D2C}.Release|Any CPU.ActiveCfg = Release|Any CPU
		{10D67A3F-E80E-4818-8198-E777A69C7D2C}.Release|Any CPU.Build.0 = Release|Any CPU
		{3F7A910E-4000-4A9A-BB7F-94148291191D}.Debug|Any CPU.ActiveCfg = Debug|Any CPU
		{3F7A910E-4000-4A9A-BB7F-94148291191D}.Debug|Any CPU.Build.0 = Debug|Any CPU
		{3F7A910E-4000-4A9A-BB7F-94148291191D}.Release|Any CPU.ActiveCfg = Release|Any CPU
		{3F7A910E-4000-4A9A-BB7F-94148291191D}.Release|Any CPU.Build.0 = Release|Any CPU
		{61CF34A7-8571-4A9D-B4CF-FC8E87F2C850}.Debug|Any CPU.ActiveCfg = Debug|Any CPU
		{61CF34A7-8571-4A9D-B4CF-FC8E87F2C850}.Debug|Any CPU.Build.0 = Debug|Any CPU
		{61CF34A7-8571-4A9D-B4CF-FC8E87F2C850}.Release|Any CPU.ActiveCfg = Release|Any CPU
		{61CF34A7-8571-4A9D-B4CF-FC8E87F2C850}.Release|Any CPU.Build.0 = Release|Any CPU
		{80E1BD00-2CDF-47F9-B7E5-C0714CF59486}.Debug|Any CPU.ActiveCfg = Debug|Any CPU
		{80E1BD00-2CDF-47F9-B7E5-C0714CF59486}.Debug|Any CPU.Build.0 = Debug|Any CPU
		{80E1BD00-2CDF-47F9-B7E5-C0714CF59486}.Release|Any CPU.ActiveCfg = Release|Any CPU
		{80E1BD00-2CDF-47F9-B7E5-C0714CF59486}.Release|Any CPU.Build.0 = Release|Any CPU
		{A5313A0C-C83F-4C7C-8514-34315DBA5991}.Debug|Any CPU.ActiveCfg = Debug|Any CPU
		{A5313A0C-C83F-4C7C-8514-34315DBA5991}.Debug|Any CPU.Build.0 = Debug|Any CPU
		{A5313A0C-C83F-4C7C-8514-34315DBA5991}.Release|Any CPU.ActiveCfg = Release|Any CPU
		{A5313A0C-C83F-4C7C-8514-34315DBA5991}.Release|Any CPU.Build.0 = Release|Any CPU
		{58A9FA6B-2D7A-4E2F-A92F-1A8812DB78CE}.Debug|Any CPU.ActiveCfg = Debug|Any CPU
		{58A9FA6B-2D7A-4E2F-A92F-1A8812DB78CE}.Debug|Any CPU.Build.0 = Debug|Any CPU
		{58A9FA6B-2D7A-4E2F-A92F-1A8812DB78CE}.Release|Any CPU.ActiveCfg = Release|Any CPU
		{58A9FA6B-2D7A-4E2F-A92F-1A8812DB78CE}.Release|Any CPU.Build.0 = Release|Any CPU
		{A59765AA-297B-497D-98E8-9329E6B3D4A4}.Debug|Any CPU.ActiveCfg = Debug|Any CPU
		{A59765AA-297B-497D-98E8-9329E6B3D4A4}.Debug|Any CPU.Build.0 = Debug|Any CPU
		{A59765AA-297B-497D-98E8-9329E6B3D4A4}.Release|Any CPU.ActiveCfg = Release|Any CPU
		{A59765AA-297B-497D-98E8-9329E6B3D4A4}.Release|Any CPU.Build.0 = Release|Any CPU
		{11B9122E-46AF-4632-A44A-0612AC6154D5}.Debug|Any CPU.ActiveCfg = Debug|Any CPU
		{11B9122E-46AF-4632-A44A-0612AC6154D5}.Debug|Any CPU.Build.0 = Debug|Any CPU
		{11B9122E-46AF-4632-A44A-0612AC6154D5}.Release|Any CPU.ActiveCfg = Release|Any CPU
		{11B9122E-46AF-4632-A44A-0612AC6154D5}.Release|Any CPU.Build.0 = Release|Any CPU
		{5731600F-F7B6-4FB7-9017-55A3D6B9BFF9}.Debug|Any CPU.ActiveCfg = Debug|Any CPU
		{5731600F-F7B6-4FB7-9017-55A3D6B9BFF9}.Debug|Any CPU.Build.0 = Debug|Any CPU
		{5731600F-F7B6-4FB7-9017-55A3D6B9BFF9}.Release|Any CPU.ActiveCfg = Release|Any CPU
		{5731600F-F7B6-4FB7-9017-55A3D6B9BFF9}.Release|Any CPU.Build.0 = Release|Any CPU
		{6CF6FC18-ECB3-4332-BB87-170F602A815B}.Debug|Any CPU.ActiveCfg = Debug|Any CPU
		{6CF6FC18-ECB3-4332-BB87-170F602A815B}.Debug|Any CPU.Build.0 = Debug|Any CPU
		{6CF6FC18-ECB3-4332-BB87-170F602A815B}.Release|Any CPU.ActiveCfg = Release|Any CPU
		{6CF6FC18-ECB3-4332-BB87-170F602A815B}.Release|Any CPU.Build.0 = Release|Any CPU
		{EF7D3F04-A42E-4E5B-90B4-CC0B58CDE583}.Debug|Any CPU.ActiveCfg = Debug|Any CPU
		{EF7D3F04-A42E-4E5B-90B4-CC0B58CDE583}.Debug|Any CPU.Build.0 = Debug|Any CPU
		{EF7D3F04-A42E-4E5B-90B4-CC0B58CDE583}.Release|Any CPU.ActiveCfg = Release|Any CPU
		{EF7D3F04-A42E-4E5B-90B4-CC0B58CDE583}.Release|Any CPU.Build.0 = Release|Any CPU
		{85EDD581-874E-4F46-A5C1-0C88EE281D0F}.Debug|Any CPU.ActiveCfg = Debug|Any CPU
		{85EDD581-874E-4F46-A5C1-0C88EE281D0F}.Debug|Any CPU.Build.0 = Debug|Any CPU
		{85EDD581-874E-4F46-A5C1-0C88EE281D0F}.Release|Any CPU.ActiveCfg = Release|Any CPU
		{85EDD581-874E-4F46-A5C1-0C88EE281D0F}.Release|Any CPU.Build.0 = Release|Any CPU
	EndGlobalSection
	GlobalSection(SolutionProperties) = preSolution
		HideSolutionNode = FALSE
	EndGlobalSection
	GlobalSection(NestedProjects) = preSolution
		{10D67A3F-E80E-4818-8198-E777A69C7D2C} = {CA162D84-13B0-405D-9DB0-C109594D6923}
		{3F7A910E-4000-4A9A-BB7F-94148291191D} = {CA162D84-13B0-405D-9DB0-C109594D6923}
		{61CF34A7-8571-4A9D-B4CF-FC8E87F2C850} = {CA162D84-13B0-405D-9DB0-C109594D6923}
		{80E1BD00-2CDF-47F9-B7E5-C0714CF59486} = {CA162D84-13B0-405D-9DB0-C109594D6923}
		{A5313A0C-C83F-4C7C-8514-34315DBA5991} = {CA162D84-13B0-405D-9DB0-C109594D6923}
		{58A9FA6B-2D7A-4E2F-A92F-1A8812DB78CE} = {CA162D84-13B0-405D-9DB0-C109594D6923}
		{A59765AA-297B-497D-98E8-9329E6B3D4A4} = {CA162D84-13B0-405D-9DB0-C109594D6923}
		{11B9122E-46AF-4632-A44A-0612AC6154D5} = {A9DF8CBA-0A72-4FFC-8F97-C4A10839A76C}
		{5731600F-F7B6-4FB7-9017-55A3D6B9BFF9} = {A9DF8CBA-0A72-4FFC-8F97-C4A10839A76C}
		{6CF6FC18-ECB3-4332-BB87-170F602A815B} = {A9DF8CBA-0A72-4FFC-8F97-C4A10839A76C}
		{EF7D3F04-A42E-4E5B-90B4-CC0B58CDE583} = {A9DF8CBA-0A72-4FFC-8F97-C4A10839A76C}
		{85EDD581-874E-4F46-A5C1-0C88EE281D0F} = {A9DF8CBA-0A72-4FFC-8F97-C4A10839A76C}
	EndGlobalSection
	GlobalSection(ExtensibilityGlobals) = postSolution
		SolutionGuid = {2E899A4B-6A5E-4474-A5D8-1D16B8E4E0D3}
	EndGlobalSection
EndGlobal
