
Microsoft Visual Studio Solution File, Format Version 12.00
# Visual Studio Version 17
VisualStudioVersion = 17.11.35327.3
MinimumVisualStudioVersion = 10.0.40219.1
Project("{FAE04EC0-301F-11D3-BF4B-00C04F79EFBC}") = "ReverseTheArray", "Question-1\ReverseTheArray.csproj", "{10D67A3F-E80E-4818-8198-E777A69C7D2C}"
EndProject
Project("{FAE04EC0-301F-11D3-BF4B-00C04F79EFBC}") = "MaximumAndMinimum", "MaximumAndMinimum\MaximumAndMinimum.csproj", "{3F7A910E-4000-4A9A-BB7F-94148291191D}"
EndProject
Project("{2150E333-8FDC-42A3-9474-1A3956D46DE8}") = "Array", "Array", "{CA162D84-13B0-405D-9DB0-C109594D6923}"
EndProject
Project("{2150E333-8FDC-42A3-9474-1A3956D46DE8}") = "String", "String", "{A9DF8CBA-0A72-4FFC-8F97-C4A10839A76C}"
EndProject
Project("{FAE04EC0-301F-11D3-BF4B-00C04F79EFBC}") = "Kth smallest", "Kth smallest\Kth smallest.csproj", "{61CF34A7-8571-4A9D-B4CF-FC8E87F2C850}"
EndProject
Project("{FAE04EC0-301F-11D3-BF4B-00C04F79EFBC}") = "Sort_0s&1s&2s", "Sort_0s&1s&2s\Sort_0s&1s&2s.csproj", "{80E1BD00-2CDF-47F9-B7E5-C0714CF59486}"
EndProject
Project("{FAE04EC0-301F-11D3-BF4B-00C04F79EFBC}") = "MoveAllNegativeElementToOneSideOfArray", "MoveAllNegativeElementToOneSideOfArray\MoveAllNegativeElementToOneSideOfArray.csproj", "{A5313A0C-C83F-4C7C-8514-34315DBA5991}"
EndProject
Project("{FAE04EC0-301F-11D3-BF4B-00C04F79EFBC}") = "UnionOfTwoArraysWithDuplicateElement", "UnionOfTwoArraysWithDuplicateElement\UnionOfTwoArraysWithDuplicateElement.csproj", "{58A9FA6B-2D7A-4E2F-A92F-1A8812DB78CE}"
EndProject
Project("{FAE04EC0-301F-11D3-BF4B-00C04F79EFBC}") = "RotateArrayByOne", "RotateArrayByOne\RotateArrayByOne.csproj", "{A59765AA-297B-497D-98E8-9329E6B3D4A4}"
EndProject
Project("{FAE04EC0-301F-11D3-BF4B-00C04F79EFBC}") = "ReverseTheWholeString", "ReverseTheString\ReverseTheWholeString.csproj", "{11B9122E-46AF-4632-A44A-0612AC6154D5}"
EndProject
Project("{FAE04EC0-301F-11D3-BF4B-00C04F79EFBC}") = "ReverseEachWordInSentence", "ReverseEachWordInSentence\ReverseEachWordInSentence.csproj", "{5731600F-F7B6-4FB7-9017-55A3D6B9BFF9}"
EndProject
Project("{FAE04EC0-301F-11D3-BF4B-00C04F79EFBC}") = "CheckIfStringIsPalindromeOrNot", "CheckIfStringIsPalindromeOrNot\CheckIfStringIsPalindromeOrNot.csproj", "{6CF6FC18-ECB3-4332-BB87-170F602A815B}"
EndProject
Project("{FAE04EC0-301F-11D3-BF4B-00C04F79EFBC}") = "ReverseOnlyAPartOfString", "ReverseOnlyAPartOfString\ReverseOnlyAPartOfString.csproj", "{EF7D3F04-A42E-4E5B-90B4-CC0B58CDE583}"
EndProject
Project("{FAE04EC0-301F-11D3-BF4B-00C04F79EFBC}") = "ReverseTheOrderOfWordsInSentence", "ReverseTheOrderOfWordsInSentence\ReverseTheOrderOfWordsInSentence.csproj", "{85EDD581-874E-4F46-A5C1-0C88EE281D0F}"
EndProject
Project("{FAE04EC0-301F-11D3-BF4B-00C04F79EFBC}") = "RemoveAllDuplicateAndReverse", "RemoveAllDuplicateAndReverse\RemoveAllDuplicateAndReverse.csproj", "{A113942A-0B9A-44EB-98CB-35D286C03C9F}"
EndProject
Project("{FAE04EC0-301F-11D3-BF4B-00C04F79EFBC}") = "FindLongestPalindromicSubstring", "FindLongestPalindromicSubstring\FindLongestPalindromicSubstring.csproj", "{FB58D2C9-35DD-4ED1-B513-3E5F15511697}"
EndProject
Project("{FAE04EC0-301F-11D3-BF4B-00C04F79EFBC}") = "CheckIfTwoStringAreAnagram", "CheckIfTwoStringAreAnagram\CheckIfTwoStringAreAnagram.csproj", "{0E86D95B-8A84-4386-B0C2-8F2BEB163882}"
EndProject
Project("{2150E333-8FDC-42A3-9474-1A3956D46DE8}") = "stack", "stack", "{A483456E-5AB9-4935-A7E4-61261A7A5DAC}"
EndProject
Project("{FAE04EC0-301F-11D3-BF4B-00C04F79EFBC}") = "ImplementStack", "ImplementAnArrayUsingLinkedList\ImplementStack.csproj", "{6E401D19-0038-41C3-A95E-2C436B4F7FF8}"
EndProject
Project("{FAE04EC0-301F-11D3-BF4B-00C04F79EFBC}") = "ImplementingStackUsingLinkedList", "ImplementingStackUsingLinkedList\ImplementingStackUsingLinkedList.csproj", "{8038DFA9-4311-4F50-A449-BF4BB53C9CD7}"
EndProject
Project("{FAE04EC0-301F-11D3-BF4B-00C04F79EFBC}") = "Push5integersontoastackandthenpopthemonebyone", "Push5integersontoastackandthenpopthemonebyone\Push5integersontoastackandthenpopthemonebyone.csproj", "{84AC7EA2-E4F4-4F53-816C-1E14E789B148}"
EndProject
Project("{FAE04EC0-301F-11D3-BF4B-00C04F79EFBC}") = "CheckIfAgivenStackIsempty", "CheckIfAgivenStackIsempty\CheckIfAgivenStackIsempty.csproj", "{2ED27D99-9F7B-4E4C-ABDD-6A4810679ADB}"
EndProject
Project("{FAE04EC0-301F-11D3-BF4B-00C04F79EFBC}") = "CheckIfTheStackIsFull", "CheckIdTheStackIsFull\CheckIfTheStackIsFull.csproj", "{3D2AB026-A858-4FCD-86AF-6B38392DFDCB}"
EndProject
Project("{FAE04EC0-301F-11D3-BF4B-00C04F79EFBC}") = "ReverseWordsWithSpecialCharacter", "ReverseWordsWithSpecialCharacter\ReverseWordsWithSpecialCharacter.csproj", "{845E7AC9-70AB-45E9-9FE3-641D5F55203A}"
EndProject
Project("{FAE04EC0-301F-11D3-BF4B-00C04F79EFBC}") = "ReverseStringWithoutExtraSpace", "ReverseStringWithoutExtraSpace\ReverseStringWithoutExtraSpace.csproj", "{21B6A384-E31F-44CB-B095-0F738411D89D}"
EndProject
Project("{FAE04EC0-301F-11D3-BF4B-00C04F79EFBC}") = "PeakElement", "ConsoleApp1\PeakElement.csproj", "{1B04BCFA-937F-4E19-8DF8-491A4928FF83}"
EndProject
Project("{FAE04EC0-301F-11D3-BF4B-00C04F79EFBC}") = "ArraySearch", "ArraySearch\ArraySearch.csproj", "{7E68410E-5ACD-4181-8A07-59DC8560EF53}"
EndProject
Project("{FAE04EC0-301F-11D3-BF4B-00C04F79EFBC}") = "ArraySubset", "ArraySubset\ArraySubset.csproj", "{7705F67B-8F05-4C09-B1E9-23735532F39A}"
EndProject
Project("{FAE04EC0-301F-11D3-BF4B-00C04F79EFBC}") = "CheckEqualArray", "CheckEqualArray\CheckEqualArray.csproj", "{E9466AEE-527A-4896-97A3-C7D4ECBAF41E}"
EndProject
Project("{FAE04EC0-301F-11D3-BF4B-00C04F79EFBC}") = "LargestElementInArray", "LargestElementInArray\LargestElementInArray.csproj", "{22AC9028-680C-44B6-875A-247494C5B497}"
EndProject
Project("{FAE04EC0-301F-11D3-BF4B-00C04F79EFBC}") = "ReverseArrayInGroup", "ReverseArrayInGroup\ReverseArrayInGroup.csproj", "{49CC91FB-3414-4BD5-AFF8-D7639678AF58}"
EndProject
Global
	GlobalSection(SolutionConfigurationPlatforms) = preSolution
		Debug|Any CPU = Debug|Any CPU
		Release|Any CPU = Release|Any CPU
	EndGlobalSection
	GlobalSection(ProjectConfigurationPlatforms) = postSolution
		{10D67A3F-E80E-4818-8198-E777A69C7D2C}.Debug|Any CPU.ActiveCfg = Debug|Any CPU
		{10D67A3F-E80E-4818-8198-E777A69C7D2C}.Debug|Any CPU.Build.0 = Debug|Any CPU
		{10D67A3F-E80E-4818-8198-E777A69C7D2C}.Release|Any CPU.ActiveCfg = Release|Any CPU
		{10D67A3F-E80E-4818-8198-E777A69C7D2C}.Release|Any CPU.Build.0 = Release|Any CPU
		{3F7A910E-4000-4A9A-BB7F-94148291191D}.Debug|Any CPU.ActiveCfg = Debug|Any CPU
		{3F7A910E-4000-4A9A-BB7F-94148291191D}.Debug|Any CPU.Build.0 = Debug|Any CPU
		{3F7A910E-4000-4A9A-BB7F-94148291191D}.Release|Any CPU.ActiveCfg = Release|Any CPU
		{3F7A910E-4000-4A9A-BB7F-94148291191D}.Release|Any CPU.Build.0 = Release|Any CPU
		{61CF34A7-8571-4A9D-B4CF-FC8E87F2C850}.Debug|Any CPU.ActiveCfg = Debug|Any CPU
		{61CF34A7-8571-4A9D-B4CF-FC8E87F2C850}.Debug|Any CPU.Build.0 = Debug|Any CPU
		{61CF34A7-8571-4A9D-B4CF-FC8E87F2C850}.Release|Any CPU.ActiveCfg = Release|Any CPU
		{61CF34A7-8571-4A9D-B4CF-FC8E87F2C850}.Release|Any CPU.Build.0 = Release|Any CPU
		{80E1BD00-2CDF-47F9-B7E5-C0714CF59486}.Debug|Any CPU.ActiveCfg = Debug|Any CPU
		{80E1BD00-2CDF-47F9-B7E5-C0714CF59486}.Debug|Any CPU.Build.0 = Debug|Any CPU
		{80E1BD00-2CDF-47F9-B7E5-C0714CF59486}.Release|Any CPU.ActiveCfg = Release|Any CPU
		{80E1BD00-2CDF-47F9-B7E5-C0714CF59486}.Release|Any CPU.Build.0 = Release|Any CPU
		{A5313A0C-C83F-4C7C-8514-34315DBA5991}.Debug|Any CPU.ActiveCfg = Debug|Any CPU
		{A5313A0C-C83F-4C7C-8514-34315DBA5991}.Debug|Any CPU.Build.0 = Debug|Any CPU
		{A5313A0C-C83F-4C7C-8514-34315DBA5991}.Release|Any CPU.ActiveCfg = Release|Any CPU
		{A5313A0C-C83F-4C7C-8514-34315DBA5991}.Release|Any CPU.Build.0 = Release|Any CPU
		{58A9FA6B-2D7A-4E2F-A92F-1A8812DB78CE}.Debug|Any CPU.ActiveCfg = Debug|Any CPU
		{58A9FA6B-2D7A-4E2F-A92F-1A8812DB78CE}.Debug|Any CPU.Build.0 = Debug|Any CPU
		{58A9FA6B-2D7A-4E2F-A92F-1A8812DB78CE}.Release|Any CPU.ActiveCfg = Release|Any CPU
		{58A9FA6B-2D7A-4E2F-A92F-1A8812DB78CE}.Release|Any CPU.Build.0 = Release|Any CPU
		{A59765AA-297B-497D-98E8-9329E6B3D4A4}.Debug|Any CPU.ActiveCfg = Debug|Any CPU
		{A59765AA-297B-497D-98E8-9329E6B3D4A4}.Debug|Any CPU.Build.0 = Debug|Any CPU
		{A59765AA-297B-497D-98E8-9329E6B3D4A4}.Release|Any CPU.ActiveCfg = Release|Any CPU
		{A59765AA-297B-497D-98E8-9329E6B3D4A4}.Release|Any CPU.Build.0 = Release|Any CPU
		{11B9122E-46AF-4632-A44A-0612AC6154D5}.Debug|Any CPU.ActiveCfg = Debug|Any CPU
		{11B9122E-46AF-4632-A44A-0612AC6154D5}.Debug|Any CPU.Build.0 = Debug|Any CPU
		{11B9122E-46AF-4632-A44A-0612AC6154D5}.Release|Any CPU.ActiveCfg = Release|Any CPU
		{11B9122E-46AF-4632-A44A-0612AC6154D5}.Release|Any CPU.Build.0 = Release|Any CPU
		{5731600F-F7B6-4FB7-9017-55A3D6B9BFF9}.Debug|Any CPU.ActiveCfg = Debug|Any CPU
		{5731600F-F7B6-4FB7-9017-55A3D6B9BFF9}.Debug|Any CPU.Build.0 = Debug|Any CPU
		{5731600F-F7B6-4FB7-9017-55A3D6B9BFF9}.Release|Any CPU.ActiveCfg = Release|Any CPU
		{5731600F-F7B6-4FB7-9017-55A3D6B9BFF9}.Release|Any CPU.Build.0 = Release|Any CPU
		{6CF6FC18-ECB3-4332-BB87-170F602A815B}.Debug|Any CPU.ActiveCfg = Debug|Any CPU
		{6CF6FC18-ECB3-4332-BB87-170F602A815B}.Debug|Any CPU.Build.0 = Debug|Any CPU
		{6CF6FC18-ECB3-4332-BB87-170F602A815B}.Release|Any CPU.ActiveCfg = Release|Any CPU
		{6CF6FC18-ECB3-4332-BB87-170F602A815B}.Release|Any CPU.Build.0 = Release|Any CPU
		{EF7D3F04-A42E-4E5B-90B4-CC0B58CDE583}.Debug|Any CPU.ActiveCfg = Debug|Any CPU
		{EF7D3F04-A42E-4E5B-90B4-CC0B58CDE583}.Debug|Any CPU.Build.0 = Debug|Any CPU
		{EF7D3F04-A42E-4E5B-90B4-CC0B58CDE583}.Release|Any CPU.ActiveCfg = Release|Any CPU
		{EF7D3F04-A42E-4E5B-90B4-CC0B58CDE583}.Release|Any CPU.Build.0 = Release|Any CPU
		{85EDD581-874E-4F46-A5C1-0C88EE281D0F}.Debug|Any CPU.ActiveCfg = Debug|Any CPU
		{85EDD581-874E-4F46-A5C1-0C88EE281D0F}.Debug|Any CPU.Build.0 = Debug|Any CPU
		{85EDD581-874E-4F46-A5C1-0C88EE281D0F}.Release|Any CPU.ActiveCfg = Release|Any CPU
		{85EDD581-874E-4F46-A5C1-0C88EE281D0F}.Release|Any CPU.Build.0 = Release|Any CPU
		{A113942A-0B9A-44EB-98CB-35D286C03C9F}.Debug|Any CPU.ActiveCfg = Debug|Any CPU
		{A113942A-0B9A-44EB-98CB-35D286C03C9F}.Debug|Any CPU.Build.0 = Debug|Any CPU
		{A113942A-0B9A-44EB-98CB-35D286C03C9F}.Release|Any CPU.ActiveCfg = Release|Any CPU
		{A113942A-0B9A-44EB-98CB-35D286C03C9F}.Release|Any CPU.Build.0 = Release|Any CPU
		{FB58D2C9-35DD-4ED1-B513-3E5F15511697}.Debug|Any CPU.ActiveCfg = Debug|Any CPU
		{FB58D2C9-35DD-4ED1-B513-3E5F15511697}.Debug|Any CPU.Build.0 = Debug|Any CPU
		{FB58D2C9-35DD-4ED1-B513-3E5F15511697}.Release|Any CPU.ActiveCfg = Release|Any CPU
		{FB58D2C9-35DD-4ED1-B513-3E5F15511697}.Release|Any CPU.Build.0 = Release|Any CPU
		{0E86D95B-8A84-4386-B0C2-8F2BEB163882}.Debug|Any CPU.ActiveCfg = Debug|Any CPU
		{0E86D95B-8A84-4386-B0C2-8F2BEB163882}.Debug|Any CPU.Build.0 = Debug|Any CPU
		{0E86D95B-8A84-4386-B0C2-8F2BEB163882}.Release|Any CPU.ActiveCfg = Release|Any CPU
		{0E86D95B-8A84-4386-B0C2-8F2BEB163882}.Release|Any CPU.Build.0 = Release|Any CPU
		{6E401D19-0038-41C3-A95E-2C436B4F7FF8}.Debug|Any CPU.ActiveCfg = Debug|Any CPU
		{6E401D19-0038-41C3-A95E-2C436B4F7FF8}.Debug|Any CPU.Build.0 = Debug|Any CPU
		{6E401D19-0038-41C3-A95E-2C436B4F7FF8}.Release|Any CPU.ActiveCfg = Release|Any CPU
		{6E401D19-0038-41C3-A95E-2C436B4F7FF8}.Release|Any CPU.Build.0 = Release|Any CPU
		{8038DFA9-4311-4F50-A449-BF4BB53C9CD7}.Debug|Any CPU.ActiveCfg = Debug|Any CPU
		{8038DFA9-4311-4F50-A449-BF4BB53C9CD7}.Debug|Any CPU.Build.0 = Debug|Any CPU
		{8038DFA9-4311-4F50-A449-BF4BB53C9CD7}.Release|Any CPU.ActiveCfg = Release|Any CPU
		{8038DFA9-4311-4F50-A449-BF4BB53C9CD7}.Release|Any CPU.Build.0 = Release|Any CPU
		{84AC7EA2-E4F4-4F53-816C-1E14E789B148}.Debug|Any CPU.ActiveCfg = Debug|Any CPU
		{84AC7EA2-E4F4-4F53-816C-1E14E789B148}.Debug|Any CPU.Build.0 = Debug|Any CPU
		{84AC7EA2-E4F4-4F53-816C-1E14E789B148}.Release|Any CPU.ActiveCfg = Release|Any CPU
		{84AC7EA2-E4F4-4F53-816C-1E14E789B148}.Release|Any CPU.Build.0 = Release|Any CPU
		{2ED27D99-9F7B-4E4C-ABDD-6A4810679ADB}.Debug|Any CPU.ActiveCfg = Debug|Any CPU
		{2ED27D99-9F7B-4E4C-ABDD-6A4810679ADB}.Debug|Any CPU.Build.0 = Debug|Any CPU
		{2ED27D99-9F7B-4E4C-ABDD-6A4810679ADB}.Release|Any CPU.ActiveCfg = Release|Any CPU
		{2ED27D99-9F7B-4E4C-ABDD-6A4810679ADB}.Release|Any CPU.Build.0 = Release|Any CPU
		{3D2AB026-A858-4FCD-86AF-6B38392DFDCB}.Debug|Any CPU.ActiveCfg = Debug|Any CPU
		{3D2AB026-A858-4FCD-86AF-6B38392DFDCB}.Debug|Any CPU.Build.0 = Debug|Any CPU
		{3D2AB026-A858-4FCD-86AF-6B38392DFDCB}.Release|Any CPU.ActiveCfg = Release|Any CPU
		{3D2AB026-A858-4FCD-86AF-6B38392DFDCB}.Release|Any CPU.Build.0 = Release|Any CPU
		{845E7AC9-70AB-45E9-9FE3-641D5F55203A}.Debug|Any CPU.ActiveCfg = Debug|Any CPU
		{845E7AC9-70AB-45E9-9FE3-641D5F55203A}.Debug|Any CPU.Build.0 = Debug|Any CPU
		{845E7AC9-70AB-45E9-9FE3-641D5F55203A}.Release|Any CPU.ActiveCfg = Release|Any CPU
		{845E7AC9-70AB-45E9-9FE3-641D5F55203A}.Release|Any CPU.Build.0 = Release|Any CPU
		{21B6A384-E31F-44CB-B095-0F738411D89D}.Debug|Any CPU.ActiveCfg = Debug|Any CPU
		{21B6A384-E31F-44CB-B095-0F738411D89D}.Debug|Any CPU.Build.0 = Debug|Any CPU
		{21B6A384-E31F-44CB-B095-0F738411D89D}.Release|Any CPU.ActiveCfg = Release|Any CPU
		{21B6A384-E31F-44CB-B095-0F738411D89D}.Release|Any CPU.Build.0 = Release|Any CPU
		{1B04BCFA-937F-4E19-8DF8-491A4928FF83}.Debug|Any CPU.ActiveCfg = Debug|Any CPU
		{1B04BCFA-937F-4E19-8DF8-491A4928FF83}.Debug|Any CPU.Build.0 = Debug|Any CPU
		{1B04BCFA-937F-4E19-8DF8-491A4928FF83}.Release|Any CPU.ActiveCfg = Release|Any CPU
		{1B04BCFA-937F-4E19-8DF8-491A4928FF83}.Release|Any CPU.Build.0 = Release|Any CPU
		{7E68410E-5ACD-4181-8A07-59DC8560EF53}.Debug|Any CPU.ActiveCfg = Debug|Any CPU
		{7E68410E-5ACD-4181-8A07-59DC8560EF53}.Debug|Any CPU.Build.0 = Debug|Any CPU
		{7E68410E-5ACD-4181-8A07-59DC8560EF53}.Release|Any CPU.ActiveCfg = Release|Any CPU
		{7E68410E-5ACD-4181-8A07-59DC8560EF53}.Release|Any CPU.Build.0 = Release|Any CPU
		{7705F67B-8F05-4C09-B1E9-23735532F39A}.Debug|Any CPU.ActiveCfg = Debug|Any CPU
		{7705F67B-8F05-4C09-B1E9-23735532F39A}.Debug|Any CPU.Build.0 = Debug|Any CPU
		{7705F67B-8F05-4C09-B1E9-23735532F39A}.Release|Any CPU.ActiveCfg = Release|Any CPU
		{7705F67B-8F05-4C09-B1E9-23735532F39A}.Release|Any CPU.Build.0 = Release|Any CPU
		{E9466AEE-527A-4896-97A3-C7D4ECBAF41E}.Debug|Any CPU.ActiveCfg = Debug|Any CPU
		{E9466AEE-527A-4896-97A3-C7D4ECBAF41E}.Debug|Any CPU.Build.0 = Debug|Any CPU
		{E9466AEE-527A-4896-97A3-C7D4ECBAF41E}.Release|Any CPU.ActiveCfg = Release|Any CPU
		{E9466AEE-527A-4896-97A3-C7D4ECBAF41E}.Release|Any CPU.Build.0 = Release|Any CPU
		{22AC9028-680C-44B6-875A-247494C5B497}.Debug|Any CPU.ActiveCfg = Debug|Any CPU
		{22AC9028-680C-44B6-875A-247494C5B497}.Debug|Any CPU.Build.0 = Debug|Any CPU
		{22AC9028-680C-44B6-875A-247494C5B497}.Release|Any CPU.ActiveCfg = Release|Any CPU
		{22AC9028-680C-44B6-875A-247494C5B497}.Release|Any CPU.Build.0 = Release|Any CPU
		{49CC91FB-3414-4BD5-AFF8-D7639678AF58}.Debug|Any CPU.ActiveCfg = Debug|Any CPU
		{49CC91FB-3414-4BD5-AFF8-D7639678AF58}.Debug|Any CPU.Build.0 = Debug|Any CPU
		{49CC91FB-3414-4BD5-AFF8-D7639678AF58}.Release|Any CPU.ActiveCfg = Release|Any CPU
		{49CC91FB-3414-4BD5-AFF8-D7639678AF58}.Release|Any CPU.Build.0 = Release|Any CPU
	EndGlobalSection
	GlobalSection(SolutionProperties) = preSolution
		HideSolutionNode = FALSE
	EndGlobalSection
	GlobalSection(NestedProjects) = preSolution
		{10D67A3F-E80E-4818-8198-E777A69C7D2C} = {CA162D84-13B0-405D-9DB0-C109594D6923}
		{3F7A910E-4000-4A9A-BB7F-94148291191D} = {CA162D84-13B0-405D-9DB0-C109594D6923}
		{61CF34A7-8571-4A9D-B4CF-FC8E87F2C850} = {CA162D84-13B0-405D-9DB0-C109594D6923}
		{80E1BD00-2CDF-47F9-B7E5-C0714CF59486} = {CA162D84-13B0-405D-9DB0-C109594D6923}
		{A5313A0C-C83F-4C7C-8514-34315DBA5991} = {CA162D84-13B0-405D-9DB0-C109594D6923}
		{58A9FA6B-2D7A-4E2F-A92F-1A8812DB78CE} = {CA162D84-13B0-405D-9DB0-C109594D6923}
		{A59765AA-297B-497D-98E8-9329E6B3D4A4} = {CA162D84-13B0-405D-9DB0-C109594D6923}
		{11B9122E-46AF-4632-A44A-0612AC6154D5} = {A9DF8CBA-0A72-4FFC-8F97-C4A10839A76C}
		{5731600F-F7B6-4FB7-9017-55A3D6B9BFF9} = {A9DF8CBA-0A72-4FFC-8F97-C4A10839A76C}
		{6CF6FC18-ECB3-4332-BB87-170F602A815B} = {A9DF8CBA-0A72-4FFC-8F97-C4A10839A76C}
		{EF7D3F04-A42E-4E5B-90B4-CC0B58CDE583} = {A9DF8CBA-0A72-4FFC-8F97-C4A10839A76C}
		{85EDD581-874E-4F46-A5C1-0C88EE281D0F} = {A9DF8CBA-0A72-4FFC-8F97-C4A10839A76C}
		{A113942A-0B9A-44EB-98CB-35D286C03C9F} = {A9DF8CBA-0A72-4FFC-8F97-C4A10839A76C}
		{FB58D2C9-35DD-4ED1-B513-3E5F15511697} = {A9DF8CBA-0A72-4FFC-8F97-C4A10839A76C}
		{6E401D19-0038-41C3-A95E-2C436B4F7FF8} = {A483456E-5AB9-4935-A7E4-61261A7A5DAC}
		{8038DFA9-4311-4F50-A449-BF4BB53C9CD7} = {A483456E-5AB9-4935-A7E4-61261A7A5DAC}
		{84AC7EA2-E4F4-4F53-816C-1E14E789B148} = {A483456E-5AB9-4935-A7E4-61261A7A5DAC}
		{2ED27D99-9F7B-4E4C-ABDD-6A4810679ADB} = {A483456E-5AB9-4935-A7E4-61261A7A5DAC}
		{3D2AB026-A858-4FCD-86AF-6B38392DFDCB} = {A483456E-5AB9-4935-A7E4-61261A7A5DAC}
		{845E7AC9-70AB-45E9-9FE3-641D5F55203A} = {A9DF8CBA-0A72-4FFC-8F97-C4A10839A76C}
		{21B6A384-E31F-44CB-B095-0F738411D89D} = {A9DF8CBA-0A72-4FFC-8F97-C4A10839A76C}
		{1B04BCFA-937F-4E19-8DF8-491A4928FF83} = {CA162D84-13B0-405D-9DB0-C109594D6923}
		{7E68410E-5ACD-4181-8A07-59DC8560EF53} = {CA162D84-13B0-405D-9DB0-C109594D6923}
		{7705F67B-8F05-4C09-B1E9-23735532F39A} = {CA162D84-13B0-405D-9DB0-C109594D6923}
		{E9466AEE-527A-4896-97A3-C7D4ECBAF41E} = {CA162D84-13B0-405D-9DB0-C109594D6923}
		{22AC9028-680C-44B6-875A-247494C5B497} = {CA162D84-13B0-405D-9DB0-C109594D6923}
		{49CC91FB-3414-4BD5-AFF8-D7639678AF58} = {CA162D84-13B0-405D-9DB0-C109594D6923}
	EndGlobalSection
	GlobalSection(ExtensibilityGlobals) = postSolution
		SolutionGuid = {2E899A4B-6A5E-4474-A5D8-1D16B8E4E0D3}
	EndGlobalSection
EndGlobal
